
Microsoft Visual Studio Solution File, Format Version 12.00
# Visual Studio Version 16
VisualStudioVersion = 16.0.31410.357
MinimumVisualStudioVersion = 10.0.40219.1
Project("{FAE04EC0-301F-11D3-BF4B-00C04F79EFBC}") = "ConsoleApp", "ConsoleApp\ConsoleApp.csproj", "{1D54BB02-3C10-4E9C-88B2-C67018CD264A}"
EndProject
Global
	GlobalSection(SolutionConfigurationPlatforms) = preSolution
		Debug|Any CPU = Debug|Any CPU
		Release|Any CPU = Release|Any CPU
	EndGlobalSection
	GlobalSection(ProjectConfigurationPlatforms) = postSolution
		{1D54BB02-3C10-4E9C-88B2-C67018CD264A}.Debug|Any CPU.ActiveCfg = Debug|Any CPU
		{1D54BB02-3C10-4E9C-88B2-C67018CD264A}.Debug|Any CPU.Build.0 = Debug|Any CPU
		{1D54BB02-3C10-4E9C-88B2-C67018CD264A}.Release|Any CPU.ActiveCfg = Release|Any CPU
		{1D54BB02-3C10-4E9C-88B2-C67018CD264A}.Release|Any CPU.Build.0 = Release|Any CPU
	EndGlobalSection
	GlobalSection(SolutionProperties) = preSolution
		HideSolutionNode = FALSE
	EndGlobalSection
	GlobalSection(ExtensibilityGlobals) = postSolution
		SolutionGuid = {EBCEE0B3-0810-4F64-A5F2-89580A63B36A}
	EndGlobalSection
EndGlobal
